
Microsoft Visual Studio Solution File, Format Version 12.00
# Visual Studio 15
VisualStudioVersion = 15.0.27004.2006
MinimumVisualStudioVersion = 10.0.40219.1
Project("{FAE04EC0-301F-11D3-BF4B-00C04F79EFBC}") = "RSSActivityApp", "RSSActivityApp\RSSActivityApp.csproj", "{1576560E-AAB2-45F1-9C2D-56C1A139C1B9}"
EndProject
Project("{FAE04EC0-301F-11D3-BF4B-00C04F79EFBC}") = "RSSActivityApp.Tests", "RSSActivityApp.Tests\RSSActivityApp.Tests.csproj", "{663F0260-C536-45CA-AA38-175633788535}"
EndProject
Global
	GlobalSection(SolutionConfigurationPlatforms) = preSolution
		Debug|Any CPU = Debug|Any CPU
		Release|Any CPU = Release|Any CPU
	EndGlobalSection
	GlobalSection(ProjectConfigurationPlatforms) = postSolution
		{1576560E-AAB2-45F1-9C2D-56C1A139C1B9}.Debug|Any CPU.ActiveCfg = Debug|Any CPU
		{1576560E-AAB2-45F1-9C2D-56C1A139C1B9}.Debug|Any CPU.Build.0 = Debug|Any CPU
		{1576560E-AAB2-45F1-9C2D-56C1A139C1B9}.Release|Any CPU.ActiveCfg = Release|Any CPU
		{1576560E-AAB2-45F1-9C2D-56C1A139C1B9}.Release|Any CPU.Build.0 = Release|Any CPU
		{663F0260-C536-45CA-AA38-175633788535}.Debug|Any CPU.ActiveCfg = Debug|Any CPU
		{663F0260-C536-45CA-AA38-175633788535}.Debug|Any CPU.Build.0 = Debug|Any CPU
		{663F0260-C536-45CA-AA38-175633788535}.Release|Any CPU.ActiveCfg = Release|Any CPU
		{663F0260-C536-45CA-AA38-175633788535}.Release|Any CPU.Build.0 = Release|Any CPU
	EndGlobalSection
	GlobalSection(SolutionProperties) = preSolution
		HideSolutionNode = FALSE
	EndGlobalSection
	GlobalSection(ExtensibilityGlobals) = postSolution
		SolutionGuid = {FCA66878-B67A-43FF-8562-79B23DCCE42D}
	EndGlobalSection
EndGlobal
